
Microsoft Visual Studio Solution File, Format Version 12.00
# Visual Studio Version 16
VisualStudioVersion = 16.0.29613.14
MinimumVisualStudioVersion = 10.0.40219.1
Project("{FAE04EC0-301F-11D3-BF4B-00C04F79EFBC}") = "ClassLibrary1", "ClassLibrary1\ClassLibrary1.csproj", "{783D63A5-D4B5-4A44-A14D-DC54C4880C10}"
EndProject
Project("{FAE04EC0-301F-11D3-BF4B-00C04F79EFBC}") = "ConsoleApp1", "ConsoleApp1\ConsoleApp1.csproj", "{DAD7C418-BD55-45B1-BA79-32F0C4595157}"
EndProject
Global
	GlobalSection(SolutionConfigurationPlatforms) = preSolution
		Debug|Any CPU = Debug|Any CPU
		Release|Any CPU = Release|Any CPU
	EndGlobalSection
	GlobalSection(ProjectConfigurationPlatforms) = postSolution
		{783D63A5-D4B5-4A44-A14D-DC54C4880C10}.Debug|Any CPU.ActiveCfg = Debug|Any CPU
		{783D63A5-D4B5-4A44-A14D-DC54C4880C10}.Debug|Any CPU.Build.0 = Debug|Any CPU
		{783D63A5-D4B5-4A44-A14D-DC54C4880C10}.Release|Any CPU.ActiveCfg = Release|Any CPU
		{783D63A5-D4B5-4A44-A14D-DC54C4880C10}.Release|Any CPU.Build.0 = Release|Any CPU
		{DAD7C418-BD55-45B1-BA79-32F0C4595157}.Debug|Any CPU.ActiveCfg = Debug|Any CPU
		{DAD7C418-BD55-45B1-BA79-32F0C4595157}.Debug|Any CPU.Build.0 = Debug|Any CPU
		{DAD7C418-BD55-45B1-BA79-32F0C4595157}.Release|Any CPU.ActiveCfg = Release|Any CPU
		{DAD7C418-BD55-45B1-BA79-32F0C4595157}.Release|Any CPU.Build.0 = Release|Any CPU
	EndGlobalSection
	GlobalSection(SolutionProperties) = preSolution
		HideSolutionNode = FALSE
	EndGlobalSection
	GlobalSection(ExtensibilityGlobals) = postSolution
		SolutionGuid = {D0F60CD5-3C1E-4891-B447-4B1042D258B8}
	EndGlobalSection
EndGlobal
